
Microsoft Visual Studio Solution File, Format Version 12.00
# Visual Studio Version 17
VisualStudioVersion = 17.4.33205.214
MinimumVisualStudioVersion = 10.0.40219.1
Project("{FAE04EC0-301F-11D3-BF4B-00C04F79EFBC}") = "AreaCalculateLibrary", "SquareCalculateLibrary\AreaCalculateLibrary.csproj", "{23AD4FA0-ADF2-467C-AD8A-56248A831DC4}"
EndProject
Global
	GlobalSection(SolutionConfigurationPlatforms) = preSolution
		Debug|Any CPU = Debug|Any CPU
		Release|Any CPU = Release|Any CPU
	EndGlobalSection
	GlobalSection(ProjectConfigurationPlatforms) = postSolution
		{23AD4FA0-ADF2-467C-AD8A-56248A831DC4}.Debug|Any CPU.ActiveCfg = Debug|Any CPU
		{23AD4FA0-ADF2-467C-AD8A-56248A831DC4}.Debug|Any CPU.Build.0 = Debug|Any CPU
		{23AD4FA0-ADF2-467C-AD8A-56248A831DC4}.Release|Any CPU.ActiveCfg = Release|Any CPU
		{23AD4FA0-ADF2-467C-AD8A-56248A831DC4}.Release|Any CPU.Build.0 = Release|Any CPU
	EndGlobalSection
	GlobalSection(SolutionProperties) = preSolution
		HideSolutionNode = FALSE
	EndGlobalSection
	GlobalSection(ExtensibilityGlobals) = postSolution
		SolutionGuid = {243C2D5E-9A12-4E2F-B425-737FEB703CE7}
	EndGlobalSection
EndGlobal
